
Microsoft Visual Studio Solution File, Format Version 12.00
# Visual Studio Version 17
VisualStudioVersion = 17.0.31903.59
MinimumVisualStudioVersion = 10.0.40219.1
Project("{FAE04EC0-301F-11D3-BF4B-00C04F79EFBC}") = "BinanceCryptoPriceAPI", "BinanceCryptoPriceAPI\BinanceCryptoPriceAPI.csproj", "{0D9C6360-D212-4B67-95EA-0DF244E46A4E}"
EndProject
Global
	GlobalSection(SolutionConfigurationPlatforms) = preSolution
		Debug|Any CPU = Debug|Any CPU
		Release|Any CPU = Release|Any CPU
	EndGlobalSection
	GlobalSection(ProjectConfigurationPlatforms) = postSolution
		{0D9C6360-D212-4B67-95EA-0DF244E46A4E}.Debug|Any CPU.ActiveCfg = Debug|Any CPU
		{0D9C6360-D212-4B67-95EA-0DF244E46A4E}.Debug|Any CPU.Build.0 = Debug|Any CPU
		{0D9C6360-D212-4B67-95EA-0DF244E46A4E}.Release|Any CPU.ActiveCfg = Release|Any CPU
		{0D9C6360-D212-4B67-95EA-0DF244E46A4E}.Release|Any CPU.Build.0 = Release|Any CPU
	EndGlobalSection
	GlobalSection(SolutionProperties) = preSolution
		HideSolutionNode = FALSE
	EndGlobalSection
	GlobalSection(ExtensibilityGlobals) = postSolution
		SolutionGuid = {3F8A1C99-EE08-4CF9-B859-41874E8DC987}
	EndGlobalSection
EndGlobal
