
Microsoft Visual Studio Solution File, Format Version 12.00
# Visual Studio Version 17
VisualStudioVersion = 17.0.31903.59
MinimumVisualStudioVersion = 10.0.40219.1
Project("{9A19103F-16F7-4668-BE54-9A1E7A4F7556}") = "BinanceCryptoPriceAPI", "BinanceCryptoPriceAPI\BinanceCryptoPriceAPI.csproj", "{5A6C7DE2-EBDC-4D84-843D-B1B80E90F2FB}"
EndProject
Project("{9A19103F-16F7-4668-BE54-9A1E7A4F7556}") = "Data", "Data\Data.csproj", "{EEF08A43-F6E7-4269-92B1-C6852D37DFCD}"
EndProject
Project("{9A19103F-16F7-4668-BE54-9A1E7A4F7556}") = "Application", "Application\Application.csproj", "{6BDD5B06-1A69-43EE-9E9F-18B8D71916B2}"
EndProject
Project("{FAE04EC0-301F-11D3-BF4B-00C04F79EFBC}") = "CryptoPriceConsoleApp", "CryptoPriceConsoleApp\CryptoPriceConsoleApp.csproj", "{859AA40F-F948-4BFE-ACF2-E40F5B11DF47}"
EndProject
Global
	GlobalSection(SolutionConfigurationPlatforms) = preSolution
		Debug|Any CPU = Debug|Any CPU
		Release|Any CPU = Release|Any CPU
	EndGlobalSection
	GlobalSection(ProjectConfigurationPlatforms) = postSolution
		{5A6C7DE2-EBDC-4D84-843D-B1B80E90F2FB}.Debug|Any CPU.ActiveCfg = Debug|Any CPU
		{5A6C7DE2-EBDC-4D84-843D-B1B80E90F2FB}.Debug|Any CPU.Build.0 = Debug|Any CPU
		{5A6C7DE2-EBDC-4D84-843D-B1B80E90F2FB}.Release|Any CPU.ActiveCfg = Release|Any CPU
		{5A6C7DE2-EBDC-4D84-843D-B1B80E90F2FB}.Release|Any CPU.Build.0 = Release|Any CPU
		{EEF08A43-F6E7-4269-92B1-C6852D37DFCD}.Debug|Any CPU.ActiveCfg = Debug|Any CPU
		{EEF08A43-F6E7-4269-92B1-C6852D37DFCD}.Debug|Any CPU.Build.0 = Debug|Any CPU
		{EEF08A43-F6E7-4269-92B1-C6852D37DFCD}.Release|Any CPU.ActiveCfg = Release|Any CPU
		{EEF08A43-F6E7-4269-92B1-C6852D37DFCD}.Release|Any CPU.Build.0 = Release|Any CPU
		{6BDD5B06-1A69-43EE-9E9F-18B8D71916B2}.Debug|Any CPU.ActiveCfg = Debug|Any CPU
		{6BDD5B06-1A69-43EE-9E9F-18B8D71916B2}.Debug|Any CPU.Build.0 = Debug|Any CPU
		{6BDD5B06-1A69-43EE-9E9F-18B8D71916B2}.Release|Any CPU.ActiveCfg = Release|Any CPU
		{6BDD5B06-1A69-43EE-9E9F-18B8D71916B2}.Release|Any CPU.Build.0 = Release|Any CPU
		{859AA40F-F948-4BFE-ACF2-E40F5B11DF47}.Debug|Any CPU.ActiveCfg = Debug|Any CPU
		{859AA40F-F948-4BFE-ACF2-E40F5B11DF47}.Debug|Any CPU.Build.0 = Debug|Any CPU
		{859AA40F-F948-4BFE-ACF2-E40F5B11DF47}.Release|Any CPU.ActiveCfg = Release|Any CPU
		{859AA40F-F948-4BFE-ACF2-E40F5B11DF47}.Release|Any CPU.Build.0 = Release|Any CPU
	EndGlobalSection
	GlobalSection(SolutionProperties) = preSolution
		HideSolutionNode = FALSE
	EndGlobalSection
	GlobalSection(ExtensibilityGlobals) = postSolution
		SolutionGuid = {3F8A1C99-EE08-4CF9-B859-41874E8DC987}
	EndGlobalSection
EndGlobal
